Microsoft Visual Studio Solution File, Format Version 12.00
# Visual Studio Version 17
VisualStudioVersion = 17.5.2.0
MinimumVisualStudioVersion = 10.0.40219.1
Project("{FAE04EC0-301F-11D3-BF4B-00C04F79EFBC}") = "ZKMapper", "ZKMapper\ZKMapper.csproj", "{53FF8118-09C8-1DDB-45E7-9B6CB5914D67}"
EndProject
Global
	GlobalSection(SolutionConfigurationPlatforms) = preSolution
		Debug|Any CPU = Debug|Any CPU
		Release|Any CPU = Release|Any CPU
	EndGlobalSection
	GlobalSection(ProjectConfigurationPlatforms) = postSolution
		{53FF8118-09C8-1DDB-45E7-9B6CB5914D67}.Debug|Any CPU.ActiveCfg = Debug|Any CPU
		{53FF8118-09C8-1DDB-45E7-9B6CB5914D67}.Debug|Any CPU.Build.0 = Debug|Any CPU
		{53FF8118-09C8-1DDB-45E7-9B6CB5914D67}.Release|Any CPU.ActiveCfg = Release|Any CPU
		{53FF8118-09C8-1DDB-45E7-9B6CB5914D67}.Release|Any CPU.Build.0 = Release|Any CPU
	EndGlobalSection
	GlobalSection(SolutionProperties) = preSolution
		HideSolutionNode = FALSE
	EndGlobalSection
	GlobalSection(ExtensibilityGlobals) = postSolution
		SolutionGuid = {7E40C312-AAC1-4A24-8DD9-CEE281A87F51}
	EndGlobalSection
EndGlobal
